Microsoft Visual Studio Solution File, Format Version 12.00
# Visual Studio Version 17
VisualStudioVersion = 17.0.32014.148
MinimumVisualStudioVersion = 15.0.26124.0
Project("{D954291E-2A0B-460D-934E-DC6B0785DB48}") = "Benchmarks.Shared", "Benchmarks.Shared\Benchmarks.Shared.shproj", "{6279C845-92F8-4333-AB99-3D213163593C}"
EndProject
Project("{FAE04EC0-301F-11D3-BF4B-00C04F79EFBC}") = "Benchmarks.Droid", "Benchmarks.Droid\Benchmarks.Droid.csproj", "{D3FEBE61-3355-48DC-97D5-EFA61AF936B1}"
EndProject
Project("{FAE04EC0-301F-11D3-BF4B-00C04F79EFBC}") = "Benchmarks.iOS", "Benchmarks.iOS\Benchmarks.iOS.csproj", "{90B20084-E16C-4528-98C3-77586DE7A1B3}"
EndProject
Project("{FAE04EC0-301F-11D3-BF4B-00C04F79EFBC}") = "Benchmarks.Uwp", "Benchmarks.UWP\Benchmarks.Uwp.csproj", "{9C719CAD-289F-4F6B-93D5-F23C20578B40}"
EndProject
Project("{9A19103F-16F7-4668-BE54-9A1E7A4F7556}") = "Benchmarks.Wasm", "Benchmarks.Wasm\Benchmarks.Wasm.csproj", "{40EA03F7-8A22-4143-B251-79BAC3EB13D2}"
EndProject
Project("{FAE04EC0-301F-11D3-BF4B-00C04F79EFBC}") = "Benchmarks.macOS", "Benchmarks.macOS\Benchmarks.macOS.csproj", "{4C28189D-9104-4237-8C19-3949C0FBD3FF}"
EndProject
Project("{9A19103F-16F7-4668-BE54-9A1E7A4F7556}") = "Benchmarks.Skia.Gtk", "Benchmarks.Skia.Gtk\Benchmarks.Skia.Gtk.csproj", "{A5B8155A-118F-4794-B551-C6F3CF7E5411}"
EndProject
Project("{9A19103F-16F7-4668-BE54-9A1E7A4F7556}") = "Benchmarks.Skia.WPF", "Benchmarks.Skia.WPF\Benchmarks.Skia.WPF.csproj", "{82C73920-D3EB-4FC7-8A3C-3233DF07F177}"
EndProject
Project("{9A19103F-16F7-4668-BE54-9A1E7A4F7556}") = "Benchmarks.Skia.Wpf.Host", "Benchmarks.Skia.WPF.Host\Benchmarks.Skia.Wpf.Host.csproj", "{6CF284A4-22B1-4F05-97F4-F095C07A598E}"
EndProject
Project("{9A19103F-16F7-4668-BE54-9A1E7A4F7556}") = "Benchmarks.Skia.Tizen", "Benchmarks.Skia.Tizen\Benchmarks.Skia.Tizen.csproj", "{9AED22A6-77DC-4799-BAE7-5F26F2070BD2}"
EndProject
Project("{9A19103F-16F7-4668-BE54-9A1E7A4F7556}") = "Benchmarks.Skia.Linux.FrameBuffer", "Benchmarks.Skia.Linux.FrameBuffer\Benchmarks.Skia.Linux.FrameBuffer.csproj", "{761D821E-9905-4444-9ADF-76C995FE5427}"
EndProject
Global
	GlobalSection(SharedMSBuildProjectFiles) = preSolution
		Benchmarks.Shared\Benchmarks.Shared.projitems*{40ea03f7-8a22-4143-b251-79bac3eb13d2}*SharedItemsImports = 5
		Benchmarks.Shared\Benchmarks.Shared.projitems*{4c28189d-9104-4237-8c19-3949c0fbd3ff}*SharedItemsImports = 4
		Benchmarks.Shared\Benchmarks.Shared.projitems*{6279c845-92f8-4333-ab99-3d213163593c}*SharedItemsImports = 13
		Benchmarks.Shared\Benchmarks.Shared.projitems*{761d821e-9905-4444-9adf-76c995fe5427}*SharedItemsImports = 5
		Benchmarks.Shared\Benchmarks.Shared.projitems*{82c73920-d3eb-4fc7-8a3c-3233df07f177}*SharedItemsImports = 5
		Benchmarks.Shared\Benchmarks.Shared.projitems*{90b20084-e16c-4528-98c3-77586de7a1b3}*SharedItemsImports = 4
		Benchmarks.Shared\Benchmarks.Shared.projitems*{9aed22a6-77dc-4799-bae7-5f26f2070bd2}*SharedItemsImports = 5
		Benchmarks.Shared\Benchmarks.Shared.projitems*{9c719cad-289f-4f6b-93d5-f23c20578b40}*SharedItemsImports = 4
		Benchmarks.Shared\Benchmarks.Shared.projitems*{a5b8155a-118f-4794-b551-c6f3cf7e5411}*SharedItemsImports = 5
		Benchmarks.Shared\Benchmarks.Shared.projitems*{d3febe61-3355-48dc-97d5-efa61af936b1}*SharedItemsImports = 4
	EndGlobalSection
	GlobalSection(SolutionConfigurationPlatforms) = preSolution
		Debug|Any CPU = Debug|Any CPU
		Debug|ARM = Debug|ARM
		Debug|ARM64 = Debug|ARM64
		Debug|iPhone = Debug|iPhone
		Debug|iPhoneSimulator = Debug|iPhoneSimulator
		Debug|x64 = Debug|x64
		Debug|x86 = Debug|x86
		Release|Any CPU = Release|Any CPU
		Release|ARM = Release|ARM
		Release|ARM64 = Release|ARM64
		Release|iPhone = Release|iPhone
		Release|iPhoneSimulator = Release|iPhoneSimulator
		Release|x64 = Release|x64
		Release|x86 = Release|x86
	EndGlobalSection
	GlobalSection(ProjectConfigurationPlatforms) = postSolution
		{D3FEBE61-3355-48DC-97D5-EFA61AF936B1}.Debug|Any CPU.ActiveCfg = Debug|Any CPU
		{D3FEBE61-3355-48DC-97D5-EFA61AF936B1}.Debug|Any CPU.Build.0 = Debug|Any CPU
		{D3FEBE61-3355-48DC-97D5-EFA61AF936B1}.Debug|Any CPU.Deploy.0 = Debug|Any CPU
		{D3FEBE61-3355-48DC-97D5-EFA61AF936B1}.Debug|ARM.ActiveCfg = Debug|Any CPU
		{D3FEBE61-3355-48DC-97D5-EFA61AF936B1}.Debug|ARM.Build.0 = Debug|Any CPU
		{D3FEBE61-3355-48DC-97D5-EFA61AF936B1}.Debug|ARM.Deploy.0 = Debug|Any CPU
		{D3FEBE61-3355-48DC-97D5-EFA61AF936B1}.Debug|ARM64.ActiveCfg = Debug|Any CPU
		{D3FEBE61-3355-48DC-97D5-EFA61AF936B1}.Debug|ARM64.Build.0 = Debug|Any CPU
		{D3FEBE61-3355-48DC-97D5-EFA61AF936B1}.Debug|ARM64.Deploy.0 = Debug|Any CPU
		{D3FEBE61-3355-48DC-97D5-EFA61AF936B1}.Debug|iPhone.ActiveCfg = Debug|Any CPU
		{D3FEBE61-3355-48DC-97D5-EFA61AF936B1}.Debug|iPhone.Build.0 = Debug|Any CPU
		{D3FEBE61-3355-48DC-97D5-EFA61AF936B1}.Debug|iPhone.Deploy.0 = Debug|Any CPU
		{D3FEBE61-3355-48DC-97D5-EFA61AF936B1}.Debug|iPhoneSimulator.ActiveCfg = Debug|Any CPU
		{D3FEBE61-3355-48DC-97D5-EFA61AF936B1}.Debug|iPhoneSimulator.Build.0 = Debug|Any CPU
		{D3FEBE61-3355-48DC-97D5-EFA61AF936B1}.Debug|iPhoneSimulator.Deploy.0 = Debug|Any CPU
		{D3FEBE61-3355-48DC-97D5-EFA61AF936B1}.Debug|x64.ActiveCfg = Debug|Any CPU
		{D3FEBE61-3355-48DC-97D5-EFA61AF936B1}.Debug|x64.Build.0 = Debug|Any CPU
		{D3FEBE61-3355-48DC-97D5-EFA61AF936B1}.Debug|x64.Deploy.0 = Debug|Any CPU
		{D3FEBE61-3355-48DC-97D5-EFA61AF936B1}.Debug|x86.ActiveCfg = Debug|Any CPU
		{D3FEBE61-3355-48DC-97D5-EFA61AF936B1}.Debug|x86.Build.0 = Debug|Any CPU
		{D3FEBE61-3355-48DC-97D5-EFA61AF936B1}.Debug|x86.Deploy.0 = Debug|Any CPU
		{D3FEBE61-3355-48DC-97D5-EFA61AF936B1}.Release|Any CPU.ActiveCfg = Release|Any CPU
		{D3FEBE61-3355-48DC-97D5-EFA61AF936B1}.Release|Any CPU.Build.0 = Release|Any CPU
		{D3FEBE61-3355-48DC-97D5-EFA61AF936B1}.Release|Any CPU.Deploy.0 = Release|Any CPU
		{D3FEBE61-3355-48DC-97D5-EFA61AF936B1}.Release|ARM.ActiveCfg = Release|Any CPU
		{D3FEBE61-3355-48DC-97D5-EFA61AF936B1}.Release|ARM.Build.0 = Release|Any CPU
		{D3FEBE61-3355-48DC-97D5-EFA61AF936B1}.Release|ARM.Deploy.0 = Release|Any CPU
		{D3FEBE61-3355-48DC-97D5-EFA61AF936B1}.Release|ARM64.ActiveCfg = Release|Any CPU
		{D3FEBE61-3355-48DC-97D5-EFA61AF936B1}.Release|ARM64.Build.0 = Release|Any CPU
		{D3FEBE61-3355-48DC-97D5-EFA61AF936B1}.Release|ARM64.Deploy.0 = Release|Any CPU
		{D3FEBE61-3355-48DC-97D5-EFA61AF936B1}.Release|iPhone.ActiveCfg = Release|Any CPU
		{D3FEBE61-3355-48DC-97D5-EFA61AF936B1}.Release|iPhone.Build.0 = Release|Any CPU
		{D3FEBE61-3355-48DC-97D5-EFA61AF936B1}.Release|iPhone.Deploy.0 = Release|Any CPU
		{D3FEBE61-3355-48DC-97D5-EFA61AF936B1}.Release|iPhoneSimulator.ActiveCfg = Release|Any CPU
		{D3FEBE61-3355-48DC-97D5-EFA61AF936B1}.Release|iPhoneSimulator.Build.0 = Release|Any CPU
		{D3FEBE61-3355-48DC-97D5-EFA61AF936B1}.Release|iPhoneSimulator.Deploy.0 = Release|Any CPU
		{D3FEBE61-3355-48DC-97D5-EFA61AF936B1}.Release|x64.ActiveCfg = Release|Any CPU
		{D3FEBE61-3355-48DC-97D5-EFA61AF936B1}.Release|x64.Build.0 = Release|Any CPU
		{D3FEBE61-3355-48DC-97D5-EFA61AF936B1}.Release|x64.Deploy.0 = Release|Any CPU
		{D3FEBE61-3355-48DC-97D5-EFA61AF936B1}.Release|x86.ActiveCfg = Release|Any CPU
		{D3FEBE61-3355-48DC-97D5-EFA61AF936B1}.Release|x86.Build.0 = Release|Any CPU
		{D3FEBE61-3355-48DC-97D5-EFA61AF936B1}.Release|x86.Deploy.0 = Release|Any CPU
		{90B20084-E16C-4528-98C3-77586DE7A1B3}.Debug|Any CPU.ActiveCfg = Debug|iPhone
		{90B20084-E16C-4528-98C3-77586DE7A1B3}.Debug|Any CPU.Build.0 = Debug|iPhone
		{90B20084-E16C-4528-98C3-77586DE7A1B3}.Debug|Any CPU.Deploy.0 = Debug|iPhone
		{90B20084-E16C-4528-98C3-77586DE7A1B3}.Debug|ARM.ActiveCfg = Debug|iPhone
		{90B20084-E16C-4528-98C3-77586DE7A1B3}.Debug|ARM64.ActiveCfg = Debug|iPhone
		{90B20084-E16C-4528-98C3-77586DE7A1B3}.Debug|iPhone.ActiveCfg = Debug|iPhone
		{90B20084-E16C-4528-98C3-77586DE7A1B3}.Debug|iPhone.Build.0 = Debug|iPhone
		{90B20084-E16C-4528-98C3-77586DE7A1B3}.Debug|iPhoneSimulator.ActiveCfg = Debug|iPhoneSimulator
		{90B20084-E16C-4528-98C3-77586DE7A1B3}.Debug|iPhoneSimulator.Build.0 = Debug|iPhoneSimulator
		{90B20084-E16C-4528-98C3-77586DE7A1B3}.Debug|x64.ActiveCfg = Debug|iPhone
		{90B20084-E16C-4528-98C3-77586DE7A1B3}.Debug|x64.Build.0 = Debug|iPhone
		{90B20084-E16C-4528-98C3-77586DE7A1B3}.Debug|x64.Deploy.0 = Debug|iPhone
		{90B20084-E16C-4528-98C3-77586DE7A1B3}.Debug|x86.ActiveCfg = Debug|iPhoneSimulator
		{90B20084-E16C-4528-98C3-77586DE7A1B3}.Debug|x86.Build.0 = Debug|iPhoneSimulator
		{90B20084-E16C-4528-98C3-77586DE7A1B3}.Debug|x86.Deploy.0 = Debug|iPhoneSimulator
		{90B20084-E16C-4528-98C3-77586DE7A1B3}.Release|Any CPU.ActiveCfg = Release|iPhone
		{90B20084-E16C-4528-98C3-77586DE7A1B3}.Release|ARM.ActiveCfg = Release|iPhone
		{90B20084-E16C-4528-98C3-77586DE7A1B3}.Release|ARM64.ActiveCfg = Release|iPhone
		{90B20084-E16C-4528-98C3-77586DE7A1B3}.Release|iPhone.ActiveCfg = Release|iPhone
		{90B20084-E16C-4528-98C3-77586DE7A1B3}.Release|iPhone.Build.0 = Release|iPhone
		{90B20084-E16C-4528-98C3-77586DE7A1B3}.Release|iPhoneSimulator.ActiveCfg = Release|iPhoneSimulator
		{90B20084-E16C-4528-98C3-77586DE7A1B3}.Release|iPhoneSimulator.Build.0 = Release|iPhoneSimulator
		{90B20084-E16C-4528-98C3-77586DE7A1B3}.Release|x64.ActiveCfg = Release|iPhoneSimulator
		{90B20084-E16C-4528-98C3-77586DE7A1B3}.Release|x64.Build.0 = Release|iPhoneSimulator
		{90B20084-E16C-4528-98C3-77586DE7A1B3}.Release|x64.Deploy.0 = Release|iPhoneSimulator
		{90B20084-E16C-4528-98C3-77586DE7A1B3}.Release|x86.ActiveCfg = Release|iPhoneSimulator
		{90B20084-E16C-4528-98C3-77586DE7A1B3}.Release|x86.Build.0 = Release|iPhoneSimulator
		{9C719CAD-289F-4F6B-93D5-F23C20578B40}.Debug|Any CPU.ActiveCfg = Debug|x86
		{9C719CAD-289F-4F6B-93D5-F23C20578B40}.Debug|Any CPU.Build.0 = Debug|x86
		{9C719CAD-289F-4F6B-93D5-F23C20578B40}.Debug|Any CPU.Deploy.0 = Debug|x86
		{9C719CAD-289F-4F6B-93D5-F23C20578B40}.Debug|ARM.ActiveCfg = Debug|ARM
		{9C719CAD-289F-4F6B-93D5-F23C20578B40}.Debug|ARM.Build.0 = Debug|ARM
		{9C719CAD-289F-4F6B-93D5-F23C20578B40}.Debug|ARM.Deploy.0 = Debug|ARM
		{9C719CAD-289F-4F6B-93D5-F23C20578B40}.Debug|ARM64.ActiveCfg = Debug|ARM64
		{9C719CAD-289F-4F6B-93D5-F23C20578B40}.Debug|ARM64.Build.0 = Debug|ARM64
		{9C719CAD-289F-4F6B-93D5-F23C20578B40}.Debug|ARM64.Deploy.0 = Debug|ARM64
		{9C719CAD-289F-4F6B-93D5-F23C20578B40}.Debug|iPhone.ActiveCfg = Debug|x86
		{9C719CAD-289F-4F6B-93D5-F23C20578B40}.Debug|iPhone.Build.0 = Debug|x86
		{9C719CAD-289F-4F6B-93D5-F23C20578B40}.Debug|iPhone.Deploy.0 = Debug|x86
		{9C719CAD-289F-4F6B-93D5-F23C20578B40}.Debug|iPhoneSimulator.ActiveCfg = Debug|x86
		{9C719CAD-289F-4F6B-93D5-F23C20578B40}.Debug|iPhoneSimulator.Build.0 = Debug|x86
		{9C719CAD-289F-4F6B-93D5-F23C20578B40}.Debug|iPhoneSimulator.Deploy.0 = Debug|x86
		{9C719CAD-289F-4F6B-93D5-F23C20578B40}.Debug|x64.ActiveCfg = Debug|x64
		{9C719CAD-289F-4F6B-93D5-F23C20578B40}.Debug|x64.Build.0 = Debug|x64
		{9C719CAD-289F-4F6B-93D5-F23C20578B40}.Debug|x64.Deploy.0 = Debug|x64
		{9C719CAD-289F-4F6B-93D5-F23C20578B40}.Debug|x86.ActiveCfg = Debug|x86
		{9C719CAD-289F-4F6B-93D5-F23C20578B40}.Debug|x86.Build.0 = Debug|x86
		{9C719CAD-289F-4F6B-93D5-F23C20578B40}.Debug|x86.Deploy.0 = Debug|x86
		{9C719CAD-289F-4F6B-93D5-F23C20578B40}.Release|Any CPU.ActiveCfg = Release|x86
		{9C719CAD-289F-4F6B-93D5-F23C20578B40}.Release|ARM.ActiveCfg = Release|ARM
		{9C719CAD-289F-4F6B-93D5-F23C20578B40}.Release|ARM.Build.0 = Release|ARM
		{9C719CAD-289F-4F6B-93D5-F23C20578B40}.Release|ARM.Deploy.0 = Release|ARM
		{9C719CAD-289F-4F6B-93D5-F23C20578B40}.Release|ARM64.ActiveCfg = Release|ARM64
		{9C719CAD-289F-4F6B-93D5-F23C20578B40}.Release|ARM64.Build.0 = Release|ARM64
		{9C719CAD-289F-4F6B-93D5-F23C20578B40}.Release|ARM64.Deploy.0 = Release|ARM64
		{9C719CAD-289F-4F6B-93D5-F23C20578B40}.Release|iPhone.ActiveCfg = Release|x86
		{9C719CAD-289F-4F6B-93D5-F23C20578B40}.Release|iPhone.Build.0 = Release|x86
		{9C719CAD-289F-4F6B-93D5-F23C20578B40}.Release|iPhoneSimulator.ActiveCfg = Release|x86
		{9C719CAD-289F-4F6B-93D5-F23C20578B40}.Release|iPhoneSimulator.Build.0 = Release|x86
		{9C719CAD-289F-4F6B-93D5-F23C20578B40}.Release|iPhoneSimulator.Deploy.0 = Release|x86
		{9C719CAD-289F-4F6B-93D5-F23C20578B40}.Release|x64.ActiveCfg = Release|x64
		{9C719CAD-289F-4F6B-93D5-F23C20578B40}.Release|x64.Build.0 = Release|x64
		{9C719CAD-289F-4F6B-93D5-F23C20578B40}.Release|x64.Deploy.0 = Release|x64
		{9C719CAD-289F-4F6B-93D5-F23C20578B40}.Release|x86.ActiveCfg = Release|x86
		{9C719CAD-289F-4F6B-93D5-F23C20578B40}.Release|x86.Build.0 = Release|x86
		{9C719CAD-289F-4F6B-93D5-F23C20578B40}.Release|x86.Deploy.0 = Release|x86
		{40EA03F7-8A22-4143-B251-79BAC3EB13D2}.Debug|Any CPU.ActiveCfg = Debug|Any CPU
		{40EA03F7-8A22-4143-B251-79BAC3EB13D2}.Debug|Any CPU.Build.0 = Debug|Any CPU
		{40EA03F7-8A22-4143-B251-79BAC3EB13D2}.Debug|ARM.ActiveCfg = Debug|Any CPU
		{40EA03F7-8A22-4143-B251-79BAC3EB13D2}.Debug|ARM.Build.0 = Debug|Any CPU
		{40EA03F7-8A22-4143-B251-79BAC3EB13D2}.Debug|ARM64.ActiveCfg = Debug|Any CPU
		{40EA03F7-8A22-4143-B251-79BAC3EB13D2}.Debug|ARM64.Build.0 = Debug|Any CPU
		{40EA03F7-8A22-4143-B251-79BAC3EB13D2}.Debug|iPhone.ActiveCfg = Debug|Any CPU
		{40EA03F7-8A22-4143-B251-79BAC3EB13D2}.Debug|iPhone.Build.0 = Debug|Any CPU
		{40EA03F7-8A22-4143-B251-79BAC3EB13D2}.Debug|iPhoneSimulator.ActiveCfg = Debug|Any CPU
		{40EA03F7-8A22-4143-B251-79BAC3EB13D2}.Debug|iPhoneSimulator.Build.0 = Debug|Any CPU
		{40EA03F7-8A22-4143-B251-79BAC3EB13D2}.Debug|x64.ActiveCfg = Debug|Any CPU
		{40EA03F7-8A22-4143-B251-79BAC3EB13D2}.Debug|x64.Build.0 = Debug|Any CPU
		{40EA03F7-8A22-4143-B251-79BAC3EB13D2}.Debug|x86.ActiveCfg = Debug|Any CPU
		{40EA03F7-8A22-4143-B251-79BAC3EB13D2}.Debug|x86.Build.0 = Debug|Any CPU
		{40EA03F7-8A22-4143-B251-79BAC3EB13D2}.Release|Any CPU.ActiveCfg = Release|Any CPU
		{40EA03F7-8A22-4143-B251-79BAC3EB13D2}.Release|Any CPU.Build.0 = Release|Any CPU
		{40EA03F7-8A22-4143-B251-79BAC3EB13D2}.Release|ARM.ActiveCfg = Release|Any CPU
		{40EA03F7-8A22-4143-B251-79BAC3EB13D2}.Release|ARM.Build.0 = Release|Any CPU
		{40EA03F7-8A22-4143-B251-79BAC3EB13D2}.Release|ARM64.ActiveCfg = Release|Any CPU
		{40EA03F7-8A22-4143-B251-79BAC3EB13D2}.Release|ARM64.Build.0 = Release|Any CPU
		{40EA03F7-8A22-4143-B251-79BAC3EB13D2}.Release|iPhone.ActiveCfg = Release|Any CPU
		{40EA03F7-8A22-4143-B251-79BAC3EB13D2}.Release|iPhone.Build.0 = Release|Any CPU
		{40EA03F7-8A22-4143-B251-79BAC3EB13D2}.Release|iPhoneSimulator.ActiveCfg = Release|Any CPU
		{40EA03F7-8A22-4143-B251-79BAC3EB13D2}.Release|iPhoneSimulator.Build.0 = Release|Any CPU
		{40EA03F7-8A22-4143-B251-79BAC3EB13D2}.Release|x64.ActiveCfg = Release|Any CPU
		{40EA03F7-8A22-4143-B251-79BAC3EB13D2}.Release|x64.Build.0 = Release|Any CPU
		{40EA03F7-8A22-4143-B251-79BAC3EB13D2}.Release|x86.ActiveCfg = Release|Any CPU
		{40EA03F7-8A22-4143-B251-79BAC3EB13D2}.Release|x86.Build.0 = Release|Any CPU
		{4C28189D-9104-4237-8C19-3949C0FBD3FF}.Debug|Any CPU.ActiveCfg = Debug|iPhoneSimulator
		{4C28189D-9104-4237-8C19-3949C0FBD3FF}.Debug|Any CPU.Build.0 = Debug|iPhoneSimulator
		{4C28189D-9104-4237-8C19-3949C0FBD3FF}.Debug|ARM.ActiveCfg = Debug|iPhoneSimulator
		{4C28189D-9104-4237-8C19-3949C0FBD3FF}.Debug|ARM64.ActiveCfg = Debug|iPhoneSimulator
		{4C28189D-9104-4237-8C19-3949C0FBD3FF}.Debug|iPhone.ActiveCfg = Debug|iPhoneSimulator
		{4C28189D-9104-4237-8C19-3949C0FBD3FF}.Debug|iPhone.Build.0 = Debug|iPhoneSimulator
		{4C28189D-9104-4237-8C19-3949C0FBD3FF}.Debug|iPhoneSimulator.ActiveCfg = Debug|iPhoneSimulator
		{4C28189D-9104-4237-8C19-3949C0FBD3FF}.Debug|iPhoneSimulator.Build.0 = Debug|iPhoneSimulator
		{4C28189D-9104-4237-8C19-3949C0FBD3FF}.Debug|x64.ActiveCfg = Debug|iPhoneSimulator
		{4C28189D-9104-4237-8C19-3949C0FBD3FF}.Debug|x64.Build.0 = Debug|iPhoneSimulator
		{4C28189D-9104-4237-8C19-3949C0FBD3FF}.Debug|x86.ActiveCfg = Debug|iPhoneSimulator
		{4C28189D-9104-4237-8C19-3949C0FBD3FF}.Debug|x86.Build.0 = Debug|iPhoneSimulator
		{4C28189D-9104-4237-8C19-3949C0FBD3FF}.Release|Any CPU.ActiveCfg = Release|iPhoneSimulator
		{4C28189D-9104-4237-8C19-3949C0FBD3FF}.Release|ARM.ActiveCfg = Release|iPhoneSimulator
		{4C28189D-9104-4237-8C19-3949C0FBD3FF}.Release|ARM64.ActiveCfg = Release|iPhoneSimulator
		{4C28189D-9104-4237-8C19-3949C0FBD3FF}.Release|iPhone.ActiveCfg = Release|iPhoneSimulator
		{4C28189D-9104-4237-8C19-3949C0FBD3FF}.Release|iPhone.Build.0 = Release|iPhoneSimulator
		{4C28189D-9104-4237-8C19-3949C0FBD3FF}.Release|iPhoneSimulator.ActiveCfg = Release|iPhoneSimulator
		{4C28189D-9104-4237-8C19-3949C0FBD3FF}.Release|iPhoneSimulator.Build.0 = Release|iPhoneSimulator
		{4C28189D-9104-4237-8C19-3949C0FBD3FF}.Release|x64.ActiveCfg = Release|iPhoneSimulator
		{4C28189D-9104-4237-8C19-3949C0FBD3FF}.Release|x64.Build.0 = Release|iPhoneSimulator
		{4C28189D-9104-4237-8C19-3949C0FBD3FF}.Release|x86.ActiveCfg = Release|iPhoneSimulator
		{4C28189D-9104-4237-8C19-3949C0FBD3FF}.Release|x86.Build.0 = Release|iPhoneSimulator
		{A5B8155A-118F-4794-B551-C6F3CF7E5411}.Debug|Any CPU.ActiveCfg = Debug|Any CPU
		{A5B8155A-118F-4794-B551-C6F3CF7E5411}.Debug|Any CPU.Build.0 = Debug|Any CPU
		{A5B8155A-118F-4794-B551-C6F3CF7E5411}.Debug|ARM.ActiveCfg = Debug|Any CPU
		{A5B8155A-118F-4794-B551-C6F3CF7E5411}.Debug|ARM.Build.0 = Debug|Any CPU
		{A5B8155A-118F-4794-B551-C6F3CF7E5411}.Debug|ARM64.ActiveCfg = Debug|Any CPU
		{A5B8155A-118F-4794-B551-C6F3CF7E5411}.Debug|ARM64.Build.0 = Debug|Any CPU
		{A5B8155A-118F-4794-B551-C6F3CF7E5411}.Debug|iPhone.ActiveCfg = Debug|Any CPU
		{A5B8155A-118F-4794-B551-C6F3CF7E5411}.Debug|iPhone.Build.0 = Debug|Any CPU
		{A5B8155A-118F-4794-B551-C6F3CF7E5411}.Debug|iPhoneSimulator.ActiveCfg = Debug|Any CPU
		{A5B8155A-118F-4794-B551-C6F3CF7E5411}.Debug|iPhoneSimulator.Build.0 = Debug|Any CPU
		{A5B8155A-118F-4794-B551-C6F3CF7E5411}.Debug|x64.ActiveCfg = Debug|Any CPU
		{A5B8155A-118F-4794-B551-C6F3CF7E5411}.Debug|x64.Build.0 = Debug|Any CPU
		{A5B8155A-118F-4794-B551-C6F3CF7E5411}.Debug|x86.ActiveCfg = Debug|Any CPU
		{A5B8155A-118F-4794-B551-C6F3CF7E5411}.Debug|x86.Build.0 = Debug|Any CPU
		{A5B8155A-118F-4794-B551-C6F3CF7E5411}.Release|Any CPU.ActiveCfg = Release|Any CPU
		{A5B8155A-118F-4794-B551-C6F3CF7E5411}.Release|Any CPU.Build.0 = Release|Any CPU
		{A5B8155A-118F-4794-B551-C6F3CF7E5411}.Release|ARM.ActiveCfg = Release|Any CPU
		{A5B8155A-118F-4794-B551-C6F3CF7E5411}.Release|ARM.Build.0 = Release|Any CPU
		{A5B8155A-118F-4794-B551-C6F3CF7E5411}.Release|ARM64.ActiveCfg = Release|Any CPU
		{A5B8155A-118F-4794-B551-C6F3CF7E5411}.Release|ARM64.Build.0 = Release|Any CPU
		{A5B8155A-118F-4794-B551-C6F3CF7E5411}.Release|iPhone.ActiveCfg = Release|Any CPU
		{A5B8155A-118F-4794-B551-C6F3CF7E5411}.Release|iPhone.Build.0 = Release|Any CPU
		{A5B8155A-118F-4794-B551-C6F3CF7E5411}.Release|iPhoneSimulator.ActiveCfg = Release|Any CPU
		{A5B8155A-118F-4794-B551-C6F3CF7E5411}.Release|iPhoneSimulator.Build.0 = Release|Any CPU
		{A5B8155A-118F-4794-B551-C6F3CF7E5411}.Release|x64.ActiveCfg = Release|Any CPU
		{A5B8155A-118F-4794-B551-C6F3CF7E5411}.Release|x64.Build.0 = Release|Any CPU
		{A5B8155A-118F-4794-B551-C6F3CF7E5411}.Release|x86.ActiveCfg = Release|Any CPU
		{A5B8155A-118F-4794-B551-C6F3CF7E5411}.Release|x86.Build.0 = Release|Any CPU
		{82C73920-D3EB-4FC7-8A3C-3233DF07F177}.Debug|Any CPU.ActiveCfg = Debug|Any CPU
		{82C73920-D3EB-4FC7-8A3C-3233DF07F177}.Debug|Any CPU.Build.0 = Debug|Any CPU
		{82C73920-D3EB-4FC7-8A3C-3233DF07F177}.Debug|Any CPU.Deploy.0 = Debug|Any CPU
		{82C73920-D3EB-4FC7-8A3C-3233DF07F177}.Debug|ARM.ActiveCfg = Debug|Any CPU
		{82C73920-D3EB-4FC7-8A3C-3233DF07F177}.Debug|ARM.Build.0 = Debug|Any CPU
		{82C73920-D3EB-4FC7-8A3C-3233DF07F177}.Debug|ARM.Deploy.0 = Debug|Any CPU
		{82C73920-D3EB-4FC7-8A3C-3233DF07F177}.Debug|ARM64.ActiveCfg = Debug|Any CPU
		{82C73920-D3EB-4FC7-8A3C-3233DF07F177}.Debug|ARM64.Build.0 = Debug|Any CPU
		{82C73920-D3EB-4FC7-8A3C-3233DF07F177}.Debug|ARM64.Deploy.0 = Debug|Any CPU
		{82C73920-D3EB-4FC7-8A3C-3233DF07F177}.Debug|iPhone.ActiveCfg = Debug|Any CPU
		{82C73920-D3EB-4FC7-8A3C-3233DF07F177}.Debug|iPhone.Build.0 = Debug|Any CPU
		{82C73920-D3EB-4FC7-8A3C-3233DF07F177}.Debug|iPhone.Deploy.0 = Debug|Any CPU
		{82C73920-D3EB-4FC7-8A3C-3233DF07F177}.Debug|iPhoneSimulator.ActiveCfg = Debug|Any CPU
		{82C73920-D3EB-4FC7-8A3C-3233DF07F177}.Debug|iPhoneSimulator.Build.0 = Debug|Any CPU
		{82C73920-D3EB-4FC7-8A3C-3233DF07F177}.Debug|iPhoneSimulator.Deploy.0 = Debug|Any CPU
		{82C73920-D3EB-4FC7-8A3C-3233DF07F177}.Debug|x64.ActiveCfg = Debug|Any CPU
		{82C73920-D3EB-4FC7-8A3C-3233DF07F177}.Debug|x64.Build.0 = Debug|Any CPU
		{82C73920-D3EB-4FC7-8A3C-3233DF07F177}.Debug|x64.Deploy.0 = Debug|Any CPU
		{82C73920-D3EB-4FC7-8A3C-3233DF07F177}.Debug|x86.ActiveCfg = Debug|Any CPU
		{82C73920-D3EB-4FC7-8A3C-3233DF07F177}.Debug|x86.Build.0 = Debug|Any CPU
		{82C73920-D3EB-4FC7-8A3C-3233DF07F177}.Debug|x86.Deploy.0 = Debug|Any CPU
		{82C73920-D3EB-4FC7-8A3C-3233DF07F177}.Release|Any CPU.ActiveCfg = Release|Any CPU
		{82C73920-D3EB-4FC7-8A3C-3233DF07F177}.Release|Any CPU.Build.0 = Release|Any CPU
		{82C73920-D3EB-4FC7-8A3C-3233DF07F177}.Release|ARM.ActiveCfg = Release|Any CPU
		{82C73920-D3EB-4FC7-8A3C-3233DF07F177}.Release|ARM.Build.0 = Release|Any CPU
		{82C73920-D3EB-4FC7-8A3C-3233DF07F177}.Release|ARM.Deploy.0 = Release|Any CPU
		{82C73920-D3EB-4FC7-8A3C-3233DF07F177}.Release|ARM64.ActiveCfg = Release|Any CPU
		{82C73920-D3EB-4FC7-8A3C-3233DF07F177}.Release|ARM64.Build.0 = Release|Any CPU
		{82C73920-D3EB-4FC7-8A3C-3233DF07F177}.Release|ARM64.Deploy.0 = Release|Any CPU
		{82C73920-D3EB-4FC7-8A3C-3233DF07F177}.Release|iPhone.ActiveCfg = Release|Any CPU
		{82C73920-D3EB-4FC7-8A3C-3233DF07F177}.Release|iPhone.Build.0 = Release|Any CPU
		{82C73920-D3EB-4FC7-8A3C-3233DF07F177}.Release|iPhoneSimulator.ActiveCfg = Release|Any CPU
		{82C73920-D3EB-4FC7-8A3C-3233DF07F177}.Release|iPhoneSimulator.Build.0 = Release|Any CPU
		{82C73920-D3EB-4FC7-8A3C-3233DF07F177}.Release|iPhoneSimulator.Deploy.0 = Release|Any CPU
		{82C73920-D3EB-4FC7-8A3C-3233DF07F177}.Release|x64.ActiveCfg = Release|Any CPU
		{82C73920-D3EB-4FC7-8A3C-3233DF07F177}.Release|x64.Build.0 = Release|Any CPU
		{82C73920-D3EB-4FC7-8A3C-3233DF07F177}.Release|x64.Deploy.0 = Release|Any CPU
		{82C73920-D3EB-4FC7-8A3C-3233DF07F177}.Release|x86.ActiveCfg = Release|Any CPU
		{82C73920-D3EB-4FC7-8A3C-3233DF07F177}.Release|x86.Build.0 = Release|Any CPU
		{82C73920-D3EB-4FC7-8A3C-3233DF07F177}.Release|x86.Deploy.0 = Release|Any CPU
		{6CF284A4-22B1-4F05-97F4-F095C07A598E}.Debug|Any CPU.ActiveCfg = Debug|Any CPU
		{6CF284A4-22B1-4F05-97F4-F095C07A598E}.Debug|Any CPU.Build.0 = Debug|Any CPU
		{6CF284A4-22B1-4F05-97F4-F095C07A598E}.Debug|ARM.ActiveCfg = Debug|Any CPU
		{6CF284A4-22B1-4F05-97F4-F095C07A598E}.Debug|ARM.Build.0 = Debug|Any CPU
		{6CF284A4-22B1-4F05-97F4-F095C07A598E}.Debug|ARM64.ActiveCfg = Debug|Any CPU
		{6CF284A4-22B1-4F05-97F4-F095C07A598E}.Debug|ARM64.Build.0 = Debug|Any CPU
		{6CF284A4-22B1-4F05-97F4-F095C07A598E}.Debug|iPhone.ActiveCfg = Debug|Any CPU
		{6CF284A4-22B1-4F05-97F4-F095C07A598E}.Debug|iPhone.Build.0 = Debug|Any CPU
		{6CF284A4-22B1-4F05-97F4-F095C07A598E}.Debug|iPhoneSimulator.ActiveCfg = Debug|Any CPU
		{6CF284A4-22B1-4F05-97F4-F095C07A598E}.Debug|iPhoneSimulator.Build.0 = Debug|Any CPU
		{6CF284A4-22B1-4F05-97F4-F095C07A598E}.Debug|x64.ActiveCfg = Debug|Any CPU
		{6CF284A4-22B1-4F05-97F4-F095C07A598E}.Debug|x64.Build.0 = Debug|Any CPU
		{6CF284A4-22B1-4F05-97F4-F095C07A598E}.Debug|x86.ActiveCfg = Debug|Any CPU
		{6CF284A4-22B1-4F05-97F4-F095C07A598E}.Debug|x86.Build.0 = Debug|Any CPU
		{6CF284A4-22B1-4F05-97F4-F095C07A598E}.Release|Any CPU.ActiveCfg = Release|Any CPU
		{6CF284A4-22B1-4F05-97F4-F095C07A598E}.Release|Any CPU.Build.0 = Release|Any CPU
		{6CF284A4-22B1-4F05-97F4-F095C07A598E}.Release|ARM.ActiveCfg = Release|Any CPU
		{6CF284A4-22B1-4F05-97F4-F095C07A598E}.Release|ARM.Build.0 = Release|Any CPU
		{6CF284A4-22B1-4F05-97F4-F095C07A598E}.Release|ARM64.ActiveCfg = Release|Any CPU
		{6CF284A4-22B1-4F05-97F4-F095C07A598E}.Release|ARM64.Build.0 = Release|Any CPU
		{6CF284A4-22B1-4F05-97F4-F095C07A598E}.Release|iPhone.ActiveCfg = Release|Any CPU
		{6CF284A4-22B1-4F05-97F4-F095C07A598E}.Release|iPhone.Build.0 = Release|Any CPU
		{6CF284A4-22B1-4F05-97F4-F095C07A598E}.Release|iPhoneSimulator.ActiveCfg = Release|Any CPU
		{6CF284A4-22B1-4F05-97F4-F095C07A598E}.Release|iPhoneSimulator.Build.0 = Release|Any CPU
		{6CF284A4-22B1-4F05-97F4-F095C07A598E}.Release|x64.ActiveCfg = Release|Any CPU
		{6CF284A4-22B1-4F05-97F4-F095C07A598E}.Release|x64.Build.0 = Release|Any CPU
		{6CF284A4-22B1-4F05-97F4-F095C07A598E}.Release|x86.ActiveCfg = Release|Any CPU
		{6CF284A4-22B1-4F05-97F4-F095C07A598E}.Release|x86.Build.0 = Release|Any CPU
		{9AED22A6-77DC-4799-BAE7-5F26F2070BD2}.Debug|Any CPU.ActiveCfg = Debug|Any CPU
		{9AED22A6-77DC-4799-BAE7-5F26F2070BD2}.Debug|Any CPU.Build.0 = Debug|Any CPU
		{9AED22A6-77DC-4799-BAE7-5F26F2070BD2}.Debug|ARM.ActiveCfg = Debug|Any CPU
		{9AED22A6-77DC-4799-BAE7-5F26F2070BD2}.Debug|ARM.Build.0 = Debug|Any CPU
		{9AED22A6-77DC-4799-BAE7-5F26F2070BD2}.Debug|ARM64.ActiveCfg = Debug|Any CPU
		{9AED22A6-77DC-4799-BAE7-5F26F2070BD2}.Debug|ARM64.Build.0 = Debug|Any CPU
		{9AED22A6-77DC-4799-BAE7-5F26F2070BD2}.Debug|iPhone.ActiveCfg = Debug|Any CPU
		{9AED22A6-77DC-4799-BAE7-5F26F2070BD2}.Debug|iPhone.Build.0 = Debug|Any CPU
		{9AED22A6-77DC-4799-BAE7-5F26F2070BD2}.Debug|iPhoneSimulator.ActiveCfg = Debug|Any CPU
		{9AED22A6-77DC-4799-BAE7-5F26F2070BD2}.Debug|iPhoneSimulator.Build.0 = Debug|Any CPU
		{9AED22A6-77DC-4799-BAE7-5F26F2070BD2}.Debug|x64.ActiveCfg = Debug|Any CPU
		{9AED22A6-77DC-4799-BAE7-5F26F2070BD2}.Debug|x64.Build.0 = Debug|Any CPU
		{9AED22A6-77DC-4799-BAE7-5F26F2070BD2}.Debug|x86.ActiveCfg = Debug|Any CPU
		{9AED22A6-77DC-4799-BAE7-5F26F2070BD2}.Debug|x86.Build.0 = Debug|Any CPU
		{9AED22A6-77DC-4799-BAE7-5F26F2070BD2}.Release|Any CPU.ActiveCfg = Release|Any CPU
		{9AED22A6-77DC-4799-BAE7-5F26F2070BD2}.Release|Any CPU.Build.0 = Release|Any CPU
		{9AED22A6-77DC-4799-BAE7-5F26F2070BD2}.Release|ARM.ActiveCfg = Release|Any CPU
		{9AED22A6-77DC-4799-BAE7-5F26F2070BD2}.Release|ARM.Build.0 = Release|Any CPU
		{9AED22A6-77DC-4799-BAE7-5F26F2070BD2}.Release|ARM64.ActiveCfg = Release|Any CPU
		{9AED22A6-77DC-4799-BAE7-5F26F2070BD2}.Release|ARM64.Build.0 = Release|Any CPU
		{9AED22A6-77DC-4799-BAE7-5F26F2070BD2}.Release|iPhone.ActiveCfg = Release|Any CPU
		{9AED22A6-77DC-4799-BAE7-5F26F2070BD2}.Release|iPhone.Build.0 = Release|Any CPU
		{9AED22A6-77DC-4799-BAE7-5F26F2070BD2}.Release|iPhoneSimulator.ActiveCfg = Release|Any CPU
		{9AED22A6-77DC-4799-BAE7-5F26F2070BD2}.Release|iPhoneSimulator.Build.0 = Release|Any CPU
		{9AED22A6-77DC-4799-BAE7-5F26F2070BD2}.Release|x64.ActiveCfg = Release|Any CPU
		{9AED22A6-77DC-4799-BAE7-5F26F2070BD2}.Release|x64.Build.0 = Release|Any CPU
		{9AED22A6-77DC-4799-BAE7-5F26F2070BD2}.Release|x86.ActiveCfg = Release|Any CPU
		{9AED22A6-77DC-4799-BAE7-5F26F2070BD2}.Release|x86.Build.0 = Release|Any CPU
		{761D821E-9905-4444-9ADF-76C995FE5427}.Debug|Any CPU.ActiveCfg = Debug|Any CPU
		{761D821E-9905-4444-9ADF-76C995FE5427}.Debug|Any CPU.Build.0 = Debug|Any CPU
		{761D821E-9905-4444-9ADF-76C995FE5427}.Debug|ARM.ActiveCfg = Debug|Any CPU
		{761D821E-9905-4444-9ADF-76C995FE5427}.Debug|ARM.Build.0 = Debug|Any CPU
		{761D821E-9905-4444-9ADF-76C995FE5427}.Debug|ARM64.ActiveCfg = Debug|Any CPU
		{761D821E-9905-4444-9ADF-76C995FE5427}.Debug|ARM64.Build.0 = Debug|Any CPU
		{761D821E-9905-4444-9ADF-76C995FE5427}.Debug|iPhone.ActiveCfg = Debug|Any CPU
		{761D821E-9905-4444-9ADF-76C995FE5427}.Debug|iPhone.Build.0 = Debug|Any CPU
		{761D821E-9905-4444-9ADF-76C995FE5427}.Debug|iPhoneSimulator.ActiveCfg = Debug|Any CPU
		{761D821E-9905-4444-9ADF-76C995FE5427}.Debug|iPhoneSimulator.Build.0 = Debug|Any CPU
		{761D821E-9905-4444-9ADF-76C995FE5427}.Debug|x64.ActiveCfg = Debug|Any CPU
		{761D821E-9905-4444-9ADF-76C995FE5427}.Debug|x64.Build.0 = Debug|Any CPU
		{761D821E-9905-4444-9ADF-76C995FE5427}.Debug|x86.ActiveCfg = Debug|Any CPU
		{761D821E-9905-4444-9ADF-76C995FE5427}.Debug|x86.Build.0 = Debug|Any CPU
		{761D821E-9905-4444-9ADF-76C995FE5427}.Release|Any CPU.ActiveCfg = Release|Any CPU
		{761D821E-9905-4444-9ADF-76C995FE5427}.Release|Any CPU.Build.0 = Release|Any CPU
		{761D821E-9905-4444-9ADF-76C995FE5427}.Release|ARM.ActiveCfg = Release|Any CPU
		{761D821E-9905-4444-9ADF-76C995FE5427}.Release|ARM.Build.0 = Release|Any CPU
		{761D821E-9905-4444-9ADF-76C995FE5427}.Release|ARM64.ActiveCfg = Release|Any CPU
		{761D821E-9905-4444-9ADF-76C995FE5427}.Release|ARM64.Build.0 = Release|Any CPU
		{761D821E-9905-4444-9ADF-76C995FE5427}.Release|iPhone.ActiveCfg = Release|Any CPU
		{761D821E-9905-4444-9ADF-76C995FE5427}.Release|iPhone.Build.0 = Release|Any CPU
		{761D821E-9905-4444-9ADF-76C995FE5427}.Release|iPhoneSimulator.ActiveCfg = Release|Any CPU
		{761D821E-9905-4444-9ADF-76C995FE5427}.Release|iPhoneSimulator.Build.0 = Release|Any CPU
		{761D821E-9905-4444-9ADF-76C995FE5427}.Release|x64.ActiveCfg = Release|Any CPU
		{761D821E-9905-4444-9ADF-76C995FE5427}.Release|x64.Build.0 = Release|Any CPU
		{761D821E-9905-4444-9ADF-76C995FE5427}.Release|x86.ActiveCfg = Release|Any CPU
		{761D821E-9905-4444-9ADF-76C995FE5427}.Release|x86.Build.0 = Release|Any CPU
	EndGlobalSection
	GlobalSection(SolutionProperties) = preSolution
		HideSolutionNode = FALSE
	EndGlobalSection
	GlobalSection(ExtensibilityGlobals) = postSolution
		SolutionGuid = {C7433AE2-B1A0-4C1A-887E-5CAA7AAF67A6}
	EndGlobalSection
EndGlobal
