
Microsoft Visual Studio Solution File, Format Version 12.00
# Visual Studio Version 16
VisualStudioVersion = 16.0.30615.102
MinimumVisualStudioVersion = 10.0.40219.1
Project("{FAE04EC0-301F-11D3-BF4B-00C04F79EFBC}") = "Microbenchmarks.Wasm", "Microbenchmarks.Wasm\Microbenchmarks.Wasm.csproj", "{3E1D2063-6AEE-4730-B51B-372EA7884432}"
EndProject
Global
	GlobalSection(SolutionConfigurationPlatforms) = preSolution
		Debug|Any CPU = Debug|Any CPU
		Release|Any CPU = Release|Any CPU
	EndGlobalSection
	GlobalSection(ProjectConfigurationPlatforms) = postSolution
		{3E1D2063-6AEE-4730-B51B-372EA7884432}.Debug|Any CPU.ActiveCfg = Debug|Any CPU
		{3E1D2063-6AEE-4730-B51B-372EA7884432}.Debug|Any CPU.Build.0 = Debug|Any CPU
		{3E1D2063-6AEE-4730-B51B-372EA7884432}.Release|Any CPU.ActiveCfg = Release|Any CPU
		{3E1D2063-6AEE-4730-B51B-372EA7884432}.Release|Any CPU.Build.0 = Release|Any CPU
	EndGlobalSection
	GlobalSection(SolutionProperties) = preSolution
		HideSolutionNode = FALSE
	EndGlobalSection
	GlobalSection(ExtensibilityGlobals) = postSolution
		SolutionGuid = {ABFD578E-E8AC-4C66-AD96-155B89FACA0B}
	EndGlobalSection
EndGlobal
