Microsoft Visual Studio Solution File, Format Version 12.00
# Visual Studio Version 17
VisualStudioVersion = 17.5.2.0
MinimumVisualStudioVersion = 10.0.40219.1
Project("{FAE04EC0-301F-11D3-BF4B-00C04F79EFBC}") = "Benchmarks.Wasm", "Benchmarks.Wasm.csproj", "{C139918E-4E50-FEAE-94DB-E16E9D622EA5}"
EndProject
Global
	GlobalSection(SolutionConfigurationPlatforms) = preSolution
		Debug|Any CPU = Debug|Any CPU
		Release|Any CPU = Release|Any CPU
	EndGlobalSection
	GlobalSection(ProjectConfigurationPlatforms) = postSolution
		{C139918E-4E50-FEAE-94DB-E16E9D622EA5}.Debug|Any CPU.ActiveCfg = Debug|Any CPU
		{C139918E-4E50-FEAE-94DB-E16E9D622EA5}.Debug|Any CPU.Build.0 = Debug|Any CPU
		{C139918E-4E50-FEAE-94DB-E16E9D622EA5}.Release|Any CPU.ActiveCfg = Release|Any CPU
		{C139918E-4E50-FEAE-94DB-E16E9D622EA5}.Release|Any CPU.Build.0 = Release|Any CPU
	EndGlobalSection
	GlobalSection(SolutionProperties) = preSolution
		HideSolutionNode = FALSE
	EndGlobalSection
	GlobalSection(ExtensibilityGlobals) = postSolution
		SolutionGuid = {DB80F2C1-3FAF-489D-B214-5E86D1F3712D}
	EndGlobalSection
EndGlobal
